
Microsoft Visual Studio Solution File, Format Version 12.00
# Visual Studio Version 17
VisualStudioVersion = 17.1.32414.318
MinimumVisualStudioVersion = 10.0.40219.1
Project("{FAE04EC0-301F-11D3-BF4B-00C04F79EFBC}") = "MeetingRoomApp_MVC", "MeetingRoomApp_MVC\MeetingRoomApp_MVC.csproj", "{352A9B5F-614F-4832-8D74-C6343F37CAE4}"
EndProject
Project("{FAE04EC0-301F-11D3-BF4B-00C04F79EFBC}") = "MeetingRoomApp.Domain", "MeetingRoomApp.Domain\MeetingRoomApp.Domain.csproj", "{FB2CC9C1-FB97-4D46-A279-05CB8C950E5E}"
EndProject
Project("{FAE04EC0-301F-11D3-BF4B-00C04F79EFBC}") = "MeetingRommApp.Data", "MeetingRommApp.Data\MeetingRommApp.Data.csproj", "{1BACD0A9-42D2-4BDC-9B0F-C997A79264CB}"
EndProject
Global
	GlobalSection(SolutionConfigurationPlatforms) = preSolution
		Debug|Any CPU = Debug|Any CPU
		Release|Any CPU = Release|Any CPU
	EndGlobalSection
	GlobalSection(ProjectConfigurationPlatforms) = postSolution
		{352A9B5F-614F-4832-8D74-C6343F37CAE4}.Debug|Any CPU.ActiveCfg = Debug|Any CPU
		{352A9B5F-614F-4832-8D74-C6343F37CAE4}.Debug|Any CPU.Build.0 = Debug|Any CPU
		{352A9B5F-614F-4832-8D74-C6343F37CAE4}.Release|Any CPU.ActiveCfg = Release|Any CPU
		{352A9B5F-614F-4832-8D74-C6343F37CAE4}.Release|Any CPU.Build.0 = Release|Any CPU
		{FB2CC9C1-FB97-4D46-A279-05CB8C950E5E}.Debug|Any CPU.ActiveCfg = Debug|Any CPU
		{FB2CC9C1-FB97-4D46-A279-05CB8C950E5E}.Debug|Any CPU.Build.0 = Debug|Any CPU
		{FB2CC9C1-FB97-4D46-A279-05CB8C950E5E}.Release|Any CPU.ActiveCfg = Release|Any CPU
		{FB2CC9C1-FB97-4D46-A279-05CB8C950E5E}.Release|Any CPU.Build.0 = Release|Any CPU
		{1BACD0A9-42D2-4BDC-9B0F-C997A79264CB}.Debug|Any CPU.ActiveCfg = Debug|Any CPU
		{1BACD0A9-42D2-4BDC-9B0F-C997A79264CB}.Debug|Any CPU.Build.0 = Debug|Any CPU
		{1BACD0A9-42D2-4BDC-9B0F-C997A79264CB}.Release|Any CPU.ActiveCfg = Release|Any CPU
		{1BACD0A9-42D2-4BDC-9B0F-C997A79264CB}.Release|Any CPU.Build.0 = Release|Any CPU
	EndGlobalSection
	GlobalSection(SolutionProperties) = preSolution
		HideSolutionNode = FALSE
	EndGlobalSection
	GlobalSection(ExtensibilityGlobals) = postSolution
		SolutionGuid = {EEB796E8-FC69-4D63-8AE5-838CB3AEA30F}
	EndGlobalSection
EndGlobal
